
Microsoft Visual Studio Solution File, Format Version 12.00
# Visual Studio 15
Project("{FAE04EC0-301F-11D3-BF4B-00C04F79EFBC}") = "ColyseusDemo.UI", "ColyseusDemo.UI.csproj", "{60609CCE-5845-8854-BA68-C975ABAFB1F7}"
EndProject
Project("{FAE04EC0-301F-11D3-BF4B-00C04F79EFBC}") = "ColyseusDemo.Checkers", "ColyseusDemo.Checkers.csproj", "{F2C52780-F9F1-5F7E-1CAB-4B499F484989}"
EndProject
Project("{FAE04EC0-301F-11D3-BF4B-00C04F79EFBC}") = "ColyseusDemo.Players", "ColyseusDemo.Players.csproj", "{FF86CF9F-2937-4711-350F-4C187C993D7F}"
EndProject
Project("{FAE04EC0-301F-11D3-BF4B-00C04F79EFBC}") = "ColyseusDemo.Game", "ColyseusDemo.Game.csproj", "{C43507C4-D9DE-5D2C-CD7F-1AEB84B09345}"
EndProject
Project("{FAE04EC0-301F-11D3-BF4B-00C04F79EFBC}") = "ColyseusDemo.Multiplayer", "ColyseusDemo.Multiplayer.csproj", "{71E6A1A7-1B59-F1E4-3C8B-76A142B6D6FD}"
EndProject
Project("{FAE04EC0-301F-11D3-BF4B-00C04F79EFBC}") = "GeneratedClasses", "GeneratedClasses.csproj", "{30F7AC61-FA09-E6A0-54E6-B1C8AAE990AD}"
EndProject
Project("{FAE04EC0-301F-11D3-BF4B-00C04F79EFBC}") = "ColyseusDemo.SendTypes", "ColyseusDemo.SendTypes.csproj", "{BC9671F7-055C-7527-EA45-0F088006CC8C}"
EndProject
Project("{FAE04EC0-301F-11D3-BF4B-00C04F79EFBC}") = "Assembly-CSharp", "Assembly-CSharp.csproj", "{7EBBE26E-DEF8-0838-D39A-B3C454E8E13C}"
EndProject
Global
	GlobalSection(SolutionConfigurationPlatforms) = preSolution
		Debug|Any CPU = Debug|Any CPU
		Release|Any CPU = Release|Any CPU
	EndGlobalSection
	GlobalSection(ProjectConfigurationPlatforms) = postSolution
		{60609CCE-5845-8854-BA68-C975ABAFB1F7}.Debug|Any CPU.ActiveCfg = Debug|Any CPU
		{60609CCE-5845-8854-BA68-C975ABAFB1F7}.Debug|Any CPU.Build.0 = Debug|Any CPU
		{60609CCE-5845-8854-BA68-C975ABAFB1F7}.Release|Any CPU.ActiveCfg = Release|Any CPU
		{60609CCE-5845-8854-BA68-C975ABAFB1F7}.Release|Any CPU.Build.0 = Release|Any CPU
		{F2C52780-F9F1-5F7E-1CAB-4B499F484989}.Debug|Any CPU.ActiveCfg = Debug|Any CPU
		{F2C52780-F9F1-5F7E-1CAB-4B499F484989}.Debug|Any CPU.Build.0 = Debug|Any CPU
		{F2C52780-F9F1-5F7E-1CAB-4B499F484989}.Release|Any CPU.ActiveCfg = Release|Any CPU
		{F2C52780-F9F1-5F7E-1CAB-4B499F484989}.Release|Any CPU.Build.0 = Release|Any CPU
		{FF86CF9F-2937-4711-350F-4C187C993D7F}.Debug|Any CPU.ActiveCfg = Debug|Any CPU
		{FF86CF9F-2937-4711-350F-4C187C993D7F}.Debug|Any CPU.Build.0 = Debug|Any CPU
		{FF86CF9F-2937-4711-350F-4C187C993D7F}.Release|Any CPU.ActiveCfg = Release|Any CPU
		{FF86CF9F-2937-4711-350F-4C187C993D7F}.Release|Any CPU.Build.0 = Release|Any CPU
		{C43507C4-D9DE-5D2C-CD7F-1AEB84B09345}.Debug|Any CPU.ActiveCfg = Debug|Any CPU
		{C43507C4-D9DE-5D2C-CD7F-1AEB84B09345}.Debug|Any CPU.Build.0 = Debug|Any CPU
		{C43507C4-D9DE-5D2C-CD7F-1AEB84B09345}.Release|Any CPU.ActiveCfg = Release|Any CPU
		{C43507C4-D9DE-5D2C-CD7F-1AEB84B09345}.Release|Any CPU.Build.0 = Release|Any CPU
		{71E6A1A7-1B59-F1E4-3C8B-76A142B6D6FD}.Debug|Any CPU.ActiveCfg = Debug|Any CPU
		{71E6A1A7-1B59-F1E4-3C8B-76A142B6D6FD}.Debug|Any CPU.Build.0 = Debug|Any CPU
		{71E6A1A7-1B59-F1E4-3C8B-76A142B6D6FD}.Release|Any CPU.ActiveCfg = Release|Any CPU
		{71E6A1A7-1B59-F1E4-3C8B-76A142B6D6FD}.Release|Any CPU.Build.0 = Release|Any CPU
		{30F7AC61-FA09-E6A0-54E6-B1C8AAE990AD}.Debug|Any CPU.ActiveCfg = Debug|Any CPU
		{30F7AC61-FA09-E6A0-54E6-B1C8AAE990AD}.Debug|Any CPU.Build.0 = Debug|Any CPU
		{30F7AC61-FA09-E6A0-54E6-B1C8AAE990AD}.Release|Any CPU.ActiveCfg = Release|Any CPU
		{30F7AC61-FA09-E6A0-54E6-B1C8AAE990AD}.Release|Any CPU.Build.0 = Release|Any CPU
		{BC9671F7-055C-7527-EA45-0F088006CC8C}.Debug|Any CPU.ActiveCfg = Debug|Any CPU
		{BC9671F7-055C-7527-EA45-0F088006CC8C}.Debug|Any CPU.Build.0 = Debug|Any CPU
		{BC9671F7-055C-7527-EA45-0F088006CC8C}.Release|Any CPU.ActiveCfg = Release|Any CPU
		{BC9671F7-055C-7527-EA45-0F088006CC8C}.Release|Any CPU.Build.0 = Release|Any CPU
		{7EBBE26E-DEF8-0838-D39A-B3C454E8E13C}.Debug|Any CPU.ActiveCfg = Debug|Any CPU
		{7EBBE26E-DEF8-0838-D39A-B3C454E8E13C}.Debug|Any CPU.Build.0 = Debug|Any CPU
		{7EBBE26E-DEF8-0838-D39A-B3C454E8E13C}.Release|Any CPU.ActiveCfg = Release|Any CPU
		{7EBBE26E-DEF8-0838-D39A-B3C454E8E13C}.Release|Any CPU.Build.0 = Release|Any CPU
	EndGlobalSection
	GlobalSection(SolutionProperties) = preSolution
		HideSolutionNode = FALSE
	EndGlobalSection
EndGlobal
